langcode: en
status: true
dependencies:
  content:
    - 'file:file:104119a2-2210-4cfc-9ad2-448fd9881d81'
id: block
label: Block
icon_uuid: 104119a2-2210-4cfc-9ad2-448fd9881d81
icon_default: 'data:image/svg+xml;base64,PHN2ZyB4bWxucz0iaHR0cDovL3d3dy53My5vcmcvMjAwMC9zdmciIHZpZXdCb3g9IjAgMCAyNTYgMjU2Ij48cmVjdCB3aWR0aD0iMjU2IiBoZWlnaHQ9IjI1NiIgZmlsbD0ibm9uZSIvPjxwb2x5bGluZSBwb2ludHM9IjMyIDE3NiAxMjggMjMyIDIyNCAxNzYiIGZpbGw9Im5vbmUiIHN0cm9rZT0iY3VycmVudENvbG9yIiBzdHJva2UtbGluZWNhcD0icm91bmQiIHN0cm9rZS1saW5lam9pbj0icm91bmQiIHN0cm9rZS13aWR0aD0iMTYiLz48cG9seWxpbmUgcG9pbnRzPSIzMiAxMjggMTI4IDE4NCAyMjQgMTI4IiBmaWxsPSJub25lIiBzdHJva2U9ImN1cnJlbnRDb2xvciIgc3Ryb2tlLWxpbmVjYXA9InJvdW5kIiBzdHJva2UtbGluZWpvaW49InJvdW5kIiBzdHJva2Utd2lkdGg9IjE2Ii8+PHBvbHlnb24gcG9pbnRzPSIzMiA4MCAxMjggMTM2IDIyNCA4MCAxMjggMjQgMzIgODAiIGZpbGw9Im5vbmUiIHN0cm9rZT0iY3VycmVudENvbG9yIiBzdHJva2UtbGluZWNhcD0icm91bmQiIHN0cm9rZS1saW5lam9pbj0icm91bmQiIHN0cm9rZS13aWR0aD0iMTYiLz48L3N2Zz4='
description: ''
behavior_plugins: {  }
