uuid: 67a55b6c-705a-49ed-878f-71464ca9f550
langcode: en
status: true
dependencies:
  content:
    - 'block_content:basic:5de9681a-4ed6-45c4-9b25-39d1900abde1'
  module:
    - block_content
  theme:
    - openculturas_base
id: stageimagetestblock
theme: openculturas_base
region: header_intro
weight: 0
provider: null
plugin: 'block_content:5de9681a-4ed6-45c4-9b25-39d1900abde1'
settings:
  id: 'block_content:5de9681a-4ed6-45c4-9b25-39d1900abde1'
  label: 'Stage image test block'
  label_display: '0'
  provider: block_content
  status: true
  info: ''
  view_mode: full
visibility: {  }
