uuid: dd9af274-f7b8-4234-adbc-4ac0ea787212
langcode: en
status: true
dependencies:
  config:
    - paragraphs.paragraphs_type.block
  module:
    - content_translation
third_party_settings:
  content_translation:
    enabled: true
    bundle_settings:
      untranslatable_fields_hide: '0'
id: paragraph.block
target_entity_type_id: paragraph
target_bundle: block
default_langcode: zxx
language_alterable: true
